
Microsoft Visual Studio Solution File, Format Version 12.00
# Visual Studio Version 17
VisualStudioVersion = 17.8.34511.84
MinimumVisualStudioVersion = 10.0.40219.1
Project("{FAE04EC0-301F-11D3-BF4B-00C04F79EFBC}") = "WebApplication", "WebApplication\WebApplication.csproj", "{9E3F3524-C00C-4F8A-B484-EF83C8624526}"
EndProject
Global
	GlobalSection(SolutionConfigurationPlatforms) = preSolution
		Debug|Any CPU = Debug|Any CPU
		Release|Any CPU = Release|Any CPU
	EndGlobalSection
	GlobalSection(ProjectConfigurationPlatforms) = postSolution
		{9E3F3524-C00C-4F8A-B484-EF83C8624526}.Debug|Any CPU.ActiveCfg = Debug|Any CPU
		{9E3F3524-C00C-4F8A-B484-EF83C8624526}.Debug|Any CPU.Build.0 = Debug|Any CPU
		{9E3F3524-C00C-4F8A-B484-EF83C8624526}.Release|Any CPU.ActiveCfg = Release|Any CPU
		{9E3F3524-C00C-4F8A-B484-EF83C8624526}.Release|Any CPU.Build.0 = Release|Any CPU
	EndGlobalSection
	GlobalSection(SolutionProperties) = preSolution
		HideSolutionNode = FALSE
	EndGlobalSection
	GlobalSection(ExtensibilityGlobals) = postSolution
		SolutionGuid = {3F222B6E-43A7-4A7E-A250-4FF5D5BEB412}
	EndGlobalSection
EndGlobal
